
Microsoft Visual Studio Solution File, Format Version 12.00
# Visual Studio Version 17
VisualStudioVersion = 17.5.002.0
MinimumVisualStudioVersion = 10.0.40219.1
Project("{2150E333-8FDC-42A3-9474-1A3956D46DE8}") = "Module 2", "Module 2", "{3C74A0BF-E95F-4DAC-918A-D14437B9C384}"
EndProject
Project("{9A19103F-16F7-4668-BE54-9A1E7A4F7556}") = "DiceRoll", "Module 2\DiceRoll\DiceRoll.csproj", "{362EED7F-8851-41D5-8CD8-C6FFF7EC43F3}"
EndProject
Project("{9A19103F-16F7-4668-BE54-9A1E7A4F7556}") = "Matrices", "Module 2\Matrices\Matrices.csproj", "{3A3CCB51-E5B6-488D-BD4C-EC28326BF5B3}"
EndProject
Global
	GlobalSection(SolutionConfigurationPlatforms) = preSolution
		Debug|Any CPU = Debug|Any CPU
		Release|Any CPU = Release|Any CPU
	EndGlobalSection
	GlobalSection(ProjectConfigurationPlatforms) = postSolution
		{362EED7F-8851-41D5-8CD8-C6FFF7EC43F3}.Debug|Any CPU.ActiveCfg = Debug|Any CPU
		{362EED7F-8851-41D5-8CD8-C6FFF7EC43F3}.Debug|Any CPU.Build.0 = Debug|Any CPU
		{362EED7F-8851-41D5-8CD8-C6FFF7EC43F3}.Release|Any CPU.ActiveCfg = Release|Any CPU
		{362EED7F-8851-41D5-8CD8-C6FFF7EC43F3}.Release|Any CPU.Build.0 = Release|Any CPU
		{3A3CCB51-E5B6-488D-BD4C-EC28326BF5B3}.Debug|Any CPU.ActiveCfg = Debug|Any CPU
		{3A3CCB51-E5B6-488D-BD4C-EC28326BF5B3}.Debug|Any CPU.Build.0 = Debug|Any CPU
		{3A3CCB51-E5B6-488D-BD4C-EC28326BF5B3}.Release|Any CPU.ActiveCfg = Release|Any CPU
		{3A3CCB51-E5B6-488D-BD4C-EC28326BF5B3}.Release|Any CPU.Build.0 = Release|Any CPU
	EndGlobalSection
	GlobalSection(SolutionProperties) = preSolution
		HideSolutionNode = FALSE
	EndGlobalSection
	GlobalSection(NestedProjects) = preSolution
		{362EED7F-8851-41D5-8CD8-C6FFF7EC43F3} = {3C74A0BF-E95F-4DAC-918A-D14437B9C384}
		{3A3CCB51-E5B6-488D-BD4C-EC28326BF5B3} = {3C74A0BF-E95F-4DAC-918A-D14437B9C384}
	EndGlobalSection
	GlobalSection(ExtensibilityGlobals) = postSolution
		SolutionGuid = {024B01B7-C98F-4F49-B3B6-3F0DA4159AC2}
	EndGlobalSection
EndGlobal
